
Microsoft Visual Studio Solution File, Format Version 12.00
# Visual Studio Version 16
VisualStudioVersion = 16.0.31019.35
MinimumVisualStudioVersion = 10.0.40219.1
Project("{FAE04EC0-301F-11D3-BF4B-00C04F79EFBC}") = "WebApplicationStudents", "WebApplicationStudents\WebApplicationStudents.csproj", "{908E6206-7507-48B8-A73C-0A8E32671B52}"
EndProject
Global
	GlobalSection(SolutionConfigurationPlatforms) = preSolution
		Debug|Any CPU = Debug|Any CPU
		Release|Any CPU = Release|Any CPU
	EndGlobalSection
	GlobalSection(ProjectConfigurationPlatforms) = postSolution
		{908E6206-7507-48B8-A73C-0A8E32671B52}.Debug|Any CPU.ActiveCfg = Debug|Any CPU
		{908E6206-7507-48B8-A73C-0A8E32671B52}.Debug|Any CPU.Build.0 = Debug|Any CPU
		{908E6206-7507-48B8-A73C-0A8E32671B52}.Release|Any CPU.ActiveCfg = Release|Any CPU
		{908E6206-7507-48B8-A73C-0A8E32671B52}.Release|Any CPU.Build.0 = Release|Any CPU
	EndGlobalSection
	GlobalSection(SolutionProperties) = preSolution
		HideSolutionNode = FALSE
	EndGlobalSection
	GlobalSection(ExtensibilityGlobals) = postSolution
		SolutionGuid = {A9594A50-4E60-46C6-8078-59043853F36E}
	EndGlobalSection
EndGlobal
