
Microsoft Visual Studio Solution File, Format Version 12.00
# Visual Studio Version 16
VisualStudioVersion = 16.0.31019.35
MinimumVisualStudioVersion = 15.0.26124.0
Project("{9A19103F-16F7-4668-BE54-9A1E7A4F7556}") = "Students", "Students\Students.csproj", "{275F3157-F1C1-4065-99BF-8505F7976B68}"
EndProject
Project("{9A19103F-16F7-4668-BE54-9A1E7A4F7556}") = "Perfomance", "Perfomance\Perfomance.csproj", "{008DA724-3D74-4CE1-BF9D-04A9C054E3D0}"
EndProject
Global
	GlobalSection(SolutionConfigurationPlatforms) = preSolution
		Debug|Any CPU = Debug|Any CPU
		Debug|x64 = Debug|x64
		Debug|x86 = Debug|x86
		Release|Any CPU = Release|Any CPU
		Release|x64 = Release|x64
		Release|x86 = Release|x86
	EndGlobalSection
	GlobalSection(ProjectConfigurationPlatforms) = postSolution
		{275F3157-F1C1-4065-99BF-8505F7976B68}.Debug|Any CPU.ActiveCfg = Debug|Any CPU
		{275F3157-F1C1-4065-99BF-8505F7976B68}.Debug|Any CPU.Build.0 = Debug|Any CPU
		{275F3157-F1C1-4065-99BF-8505F7976B68}.Debug|x64.ActiveCfg = Debug|Any CPU
		{275F3157-F1C1-4065-99BF-8505F7976B68}.Debug|x64.Build.0 = Debug|Any CPU
		{275F3157-F1C1-4065-99BF-8505F7976B68}.Debug|x86.ActiveCfg = Debug|Any CPU
		{275F3157-F1C1-4065-99BF-8505F7976B68}.Debug|x86.Build.0 = Debug|Any CPU
		{275F3157-F1C1-4065-99BF-8505F7976B68}.Release|Any CPU.ActiveCfg = Release|Any CPU
		{275F3157-F1C1-4065-99BF-8505F7976B68}.Release|Any CPU.Build.0 = Release|Any CPU
		{275F3157-F1C1-4065-99BF-8505F7976B68}.Release|x64.ActiveCfg = Release|Any CPU
		{275F3157-F1C1-4065-99BF-8505F7976B68}.Release|x64.Build.0 = Release|Any CPU
		{275F3157-F1C1-4065-99BF-8505F7976B68}.Release|x86.ActiveCfg = Release|Any CPU
		{275F3157-F1C1-4065-99BF-8505F7976B68}.Release|x86.Build.0 = Release|Any CPU
		{008DA724-3D74-4CE1-BF9D-04A9C054E3D0}.Debug|Any CPU.ActiveCfg = Debug|Any CPU
		{008DA724-3D74-4CE1-BF9D-04A9C054E3D0}.Debug|Any CPU.Build.0 = Debug|Any CPU
		{008DA724-3D74-4CE1-BF9D-04A9C054E3D0}.Debug|x64.ActiveCfg = Debug|Any CPU
		{008DA724-3D74-4CE1-BF9D-04A9C054E3D0}.Debug|x64.Build.0 = Debug|Any CPU
		{008DA724-3D74-4CE1-BF9D-04A9C054E3D0}.Debug|x86.ActiveCfg = Debug|Any CPU
		{008DA724-3D74-4CE1-BF9D-04A9C054E3D0}.Debug|x86.Build.0 = Debug|Any CPU
		{008DA724-3D74-4CE1-BF9D-04A9C054E3D0}.Release|Any CPU.ActiveCfg = Release|Any CPU
		{008DA724-3D74-4CE1-BF9D-04A9C054E3D0}.Release|Any CPU.Build.0 = Release|Any CPU
		{008DA724-3D74-4CE1-BF9D-04A9C054E3D0}.Release|x64.ActiveCfg = Release|Any CPU
		{008DA724-3D74-4CE1-BF9D-04A9C054E3D0}.Release|x64.Build.0 = Release|Any CPU
		{008DA724-3D74-4CE1-BF9D-04A9C054E3D0}.Release|x86.ActiveCfg = Release|Any CPU
		{008DA724-3D74-4CE1-BF9D-04A9C054E3D0}.Release|x86.Build.0 = Release|Any CPU
	EndGlobalSection
	GlobalSection(SolutionProperties) = preSolution
		HideSolutionNode = FALSE
	EndGlobalSection
	GlobalSection(ExtensibilityGlobals) = postSolution
		SolutionGuid = {73750A0A-DD80-45C4-B211-7A0FA78E95F8}
	EndGlobalSection
EndGlobal
