
Microsoft Visual Studio Solution File, Format Version 12.00
# Visual Studio Version 16
VisualStudioVersion = 16.0.31019.35
MinimumVisualStudioVersion = 15.0.26124.0
Project("{9A19103F-16F7-4668-BE54-9A1E7A4F7556}") = "StringHelperTests", "StringTest\StringHelperTests.csproj", "{06E8370A-8405-402B-855B-CC86AF3DD372}"
EndProject
Project("{9A19103F-16F7-4668-BE54-9A1E7A4F7556}") = "StringHelper", "..\M03-String-Overview-Formatting-Parsing-Comparing\StringHelper\StringHelper.csproj", "{66288566-D5DC-4154-B114-EDA7A34DAAF6}"
EndProject
Project("{FAE04EC0-301F-11D3-BF4B-00C04F79EFBC}") = "StringConverterTests", "StringConverterTests\StringConverterTests.csproj", "{6F03D965-5E9B-4654-A1B7-2E6A37D4B04A}"
EndProject
Project("{9A19103F-16F7-4668-BE54-9A1E7A4F7556}") = "StringConverter", "..\M05-Exception-Handling-Logging-NLog\StringConverter\StringConverter.csproj", "{A837FCC6-E7B2-4107-A4E5-A177019662D1}"
EndProject
Global
	GlobalSection(SolutionConfigurationPlatforms) = preSolution
		Debug|Any CPU = Debug|Any CPU
		Debug|x64 = Debug|x64
		Debug|x86 = Debug|x86
		Release|Any CPU = Release|Any CPU
		Release|x64 = Release|x64
		Release|x86 = Release|x86
	EndGlobalSection
	GlobalSection(ProjectConfigurationPlatforms) = postSolution
		{06E8370A-8405-402B-855B-CC86AF3DD372}.Debug|Any CPU.ActiveCfg = Debug|Any CPU
		{06E8370A-8405-402B-855B-CC86AF3DD372}.Debug|Any CPU.Build.0 = Debug|Any CPU
		{06E8370A-8405-402B-855B-CC86AF3DD372}.Debug|x64.ActiveCfg = Debug|Any CPU
		{06E8370A-8405-402B-855B-CC86AF3DD372}.Debug|x64.Build.0 = Debug|Any CPU
		{06E8370A-8405-402B-855B-CC86AF3DD372}.Debug|x86.ActiveCfg = Debug|Any CPU
		{06E8370A-8405-402B-855B-CC86AF3DD372}.Debug|x86.Build.0 = Debug|Any CPU
		{06E8370A-8405-402B-855B-CC86AF3DD372}.Release|Any CPU.ActiveCfg = Release|Any CPU
		{06E8370A-8405-402B-855B-CC86AF3DD372}.Release|Any CPU.Build.0 = Release|Any CPU
		{06E8370A-8405-402B-855B-CC86AF3DD372}.Release|x64.ActiveCfg = Release|Any CPU
		{06E8370A-8405-402B-855B-CC86AF3DD372}.Release|x64.Build.0 = Release|Any CPU
		{06E8370A-8405-402B-855B-CC86AF3DD372}.Release|x86.ActiveCfg = Release|Any CPU
		{06E8370A-8405-402B-855B-CC86AF3DD372}.Release|x86.Build.0 = Release|Any CPU
		{66288566-D5DC-4154-B114-EDA7A34DAAF6}.Debug|Any CPU.ActiveCfg = Debug|Any CPU
		{66288566-D5DC-4154-B114-EDA7A34DAAF6}.Debug|Any CPU.Build.0 = Debug|Any CPU
		{66288566-D5DC-4154-B114-EDA7A34DAAF6}.Debug|x64.ActiveCfg = Debug|Any CPU
		{66288566-D5DC-4154-B114-EDA7A34DAAF6}.Debug|x64.Build.0 = Debug|Any CPU
		{66288566-D5DC-4154-B114-EDA7A34DAAF6}.Debug|x86.ActiveCfg = Debug|Any CPU
		{66288566-D5DC-4154-B114-EDA7A34DAAF6}.Debug|x86.Build.0 = Debug|Any CPU
		{66288566-D5DC-4154-B114-EDA7A34DAAF6}.Release|Any CPU.ActiveCfg = Release|Any CPU
		{66288566-D5DC-4154-B114-EDA7A34DAAF6}.Release|Any CPU.Build.0 = Release|Any CPU
		{66288566-D5DC-4154-B114-EDA7A34DAAF6}.Release|x64.ActiveCfg = Release|Any CPU
		{66288566-D5DC-4154-B114-EDA7A34DAAF6}.Release|x64.Build.0 = Release|Any CPU
		{66288566-D5DC-4154-B114-EDA7A34DAAF6}.Release|x86.ActiveCfg = Release|Any CPU
		{66288566-D5DC-4154-B114-EDA7A34DAAF6}.Release|x86.Build.0 = Release|Any CPU
		{6F03D965-5E9B-4654-A1B7-2E6A37D4B04A}.Debug|Any CPU.ActiveCfg = Debug|Any CPU
		{6F03D965-5E9B-4654-A1B7-2E6A37D4B04A}.Debug|Any CPU.Build.0 = Debug|Any CPU
		{6F03D965-5E9B-4654-A1B7-2E6A37D4B04A}.Debug|x64.ActiveCfg = Debug|Any CPU
		{6F03D965-5E9B-4654-A1B7-2E6A37D4B04A}.Debug|x64.Build.0 = Debug|Any CPU
		{6F03D965-5E9B-4654-A1B7-2E6A37D4B04A}.Debug|x86.ActiveCfg = Debug|Any CPU
		{6F03D965-5E9B-4654-A1B7-2E6A37D4B04A}.Debug|x86.Build.0 = Debug|Any CPU
		{6F03D965-5E9B-4654-A1B7-2E6A37D4B04A}.Release|Any CPU.ActiveCfg = Release|Any CPU
		{6F03D965-5E9B-4654-A1B7-2E6A37D4B04A}.Release|Any CPU.Build.0 = Release|Any CPU
		{6F03D965-5E9B-4654-A1B7-2E6A37D4B04A}.Release|x64.ActiveCfg = Release|Any CPU
		{6F03D965-5E9B-4654-A1B7-2E6A37D4B04A}.Release|x64.Build.0 = Release|Any CPU
		{6F03D965-5E9B-4654-A1B7-2E6A37D4B04A}.Release|x86.ActiveCfg = Release|Any CPU
		{6F03D965-5E9B-4654-A1B7-2E6A37D4B04A}.Release|x86.Build.0 = Release|Any CPU
		{A837FCC6-E7B2-4107-A4E5-A177019662D1}.Debug|Any CPU.ActiveCfg = Debug|Any CPU
		{A837FCC6-E7B2-4107-A4E5-A177019662D1}.Debug|Any CPU.Build.0 = Debug|Any CPU
		{A837FCC6-E7B2-4107-A4E5-A177019662D1}.Debug|x64.ActiveCfg = Debug|Any CPU
		{A837FCC6-E7B2-4107-A4E5-A177019662D1}.Debug|x64.Build.0 = Debug|Any CPU
		{A837FCC6-E7B2-4107-A4E5-A177019662D1}.Debug|x86.ActiveCfg = Debug|Any CPU
		{A837FCC6-E7B2-4107-A4E5-A177019662D1}.Debug|x86.Build.0 = Debug|Any CPU
		{A837FCC6-E7B2-4107-A4E5-A177019662D1}.Release|Any CPU.ActiveCfg = Release|Any CPU
		{A837FCC6-E7B2-4107-A4E5-A177019662D1}.Release|Any CPU.Build.0 = Release|Any CPU
		{A837FCC6-E7B2-4107-A4E5-A177019662D1}.Release|x64.ActiveCfg = Release|Any CPU
		{A837FCC6-E7B2-4107-A4E5-A177019662D1}.Release|x64.Build.0 = Release|Any CPU
		{A837FCC6-E7B2-4107-A4E5-A177019662D1}.Release|x86.ActiveCfg = Release|Any CPU
		{A837FCC6-E7B2-4107-A4E5-A177019662D1}.Release|x86.Build.0 = Release|Any CPU
	EndGlobalSection
	GlobalSection(SolutionProperties) = preSolution
		HideSolutionNode = FALSE
	EndGlobalSection
	GlobalSection(ExtensibilityGlobals) = postSolution
		SolutionGuid = {1BBA87E5-5816-4128-A5C5-C99E0C03DF82}
	EndGlobalSection
EndGlobal
